
Microsoft Visual Studio Solution File, Format Version 12.00
Project("{FAE04EC0-301F-11D3-BF4B-00C04F79EFBC}") = "independent-study-fall-2020", "independent-study-fall-2020\independent-study-fall-2020.csproj", "{A3F08523-328D-4EDB-B06F-AD6146272E10}"
EndProject
Global
	GlobalSection(SolutionConfigurationPlatforms) = preSolution
		Debug|Any CPU = Debug|Any CPU
		Release|Any CPU = Release|Any CPU
	EndGlobalSection
	GlobalSection(ProjectConfigurationPlatforms) = postSolution
		{A3F08523-328D-4EDB-B06F-AD6146272E10}.Debug|Any CPU.ActiveCfg = Debug|Any CPU
		{A3F08523-328D-4EDB-B06F-AD6146272E10}.Debug|Any CPU.Build.0 = Debug|Any CPU
		{A3F08523-328D-4EDB-B06F-AD6146272E10}.Release|Any CPU.ActiveCfg = Release|Any CPU
		{A3F08523-328D-4EDB-B06F-AD6146272E10}.Release|Any CPU.Build.0 = Release|Any CPU
	EndGlobalSection
EndGlobal
